# THIS IS AN AUTOGENERATED FILE. DO NOT EDIT THIS FILE DIRECTLY.
# yarn lockfile v1


"@auth0/auth0-react@^1.8.0":
  version "1.8.0"
  resolved "https://registry.yarnpkg.com/@auth0/auth0-react/-/auth0-react-1.8.0.tgz#6fc34c0dabc72944467e50f9b8244d22e6f52f01"
  integrity sha512-tlrabVy4mB07Jbw41S2Ze2a7eGLyL32xs5OURGHXrCCxPXOYpBMeV9FdPssIK6vbAVRiUgwoeiemFAGhLRLZ0w==
  dependencies:
    "@auth0/auth0-spa-js" "^1.18.0"

"@auth0/auth0-spa-js@^1.18.0":
  version "1.19.3"
  resolved "https://registry.yarnpkg.com/@auth0/auth0-spa-js/-/auth0-spa-js-1.19.3.tgz#74c2791d49e809da803e9aca183880b0e238cd79"
  integrity sha512-w6GzjgbktbdDDpkH5ZuHe/lcVrP0dfkW+398zPErk4VBpcGLhiHOp1AwrF6QE8K0anX8O05nqgEPLbKzrgnYPQ==
  dependencies:
    abortcontroller-polyfill "^1.7.3"
    browser-tabs-lock "^1.2.15"
    core-js "^3.19.0"
    es-cookie "^1.3.2"
    fast-text-encoding "^1.0.3"
    promise-polyfill "^8.2.1"
    unfetch "^4.2.0"

"@types/node@*":
  version "17.0.0"
  resolved "https://registry.yarnpkg.com/@types/node/-/node-17.0.0.tgz#62797cee3b8b497f6547503b2312254d4fe3c2bb"
  integrity sha512-eMhwJXc931Ihh4tkU+Y7GiLzT/y/DBNpNtr4yU9O2w3SYBsr9NaOPhQlLKRmoWtI54uNwuo0IOUFQjVOTZYRvw==

"@types/webidl-conversions@*":
  version "6.1.1"
  resolved "https://registry.yarnpkg.com/@types/webidl-conversions/-/webidl-conversions-6.1.1.tgz#e33bc8ea812a01f63f90481c666334844b12a09e"
  integrity sha512-XAahCdThVuCFDQLT7R7Pk/vqeObFNL3YqRyFZg+AqAP/W1/w3xHaIxuW7WszQqTbIBOPRcItYJIou3i/mppu3Q==

"@types/whatwg-url@^8.2.1":
  version "8.2.1"
  resolved "https://registry.yarnpkg.com/@types/whatwg-url/-/whatwg-url-8.2.1.tgz#f1aac222dab7c59e011663a0cb0a3117b2ef05d4"
  integrity sha512-2YubE1sjj5ifxievI5Ge1sckb9k/Er66HyR2c+3+I6VDUUg1TLPdYYTEbQ+DjRkS4nTxMJhgWfSfMRD2sl2EYQ==
  dependencies:
    "@types/node" "*"
    "@types/webidl-conversions" "*"

abortcontroller-polyfill@^1.7.3:
  version "1.7.3"
  resolved "https://registry.yarnpkg.com/abortcontroller-polyfill/-/abortcontroller-polyfill-1.7.3.tgz#1b5b487bd6436b5b764fd52a612509702c3144b5"
  integrity sha512-zetDJxd89y3X99Kvo4qFx8GKlt6GsvN3UcRZHwU6iFA/0KiOmhkTVhe8oRoTBiTVPZu09x3vCra47+w8Yz1+2Q==

base64-js@^1.3.1:
  version "1.5.1"
  resolved "https://registry.yarnpkg.com/base64-js/-/base64-js-1.5.1.tgz#1b1b440160a5bf7ad40b650f095963481903930a"
  integrity sha512-AKpaYlHn8t4SVbOHCy+b5+KKgvR4vrsD8vbvrbiQJps7fKDTkjkDry6ji0rUJjC0kzbNePLwzxq8iypo41qeWA==

basic-auth@~2.0.1:
  version "2.0.1"
  resolved "https://registry.yarnpkg.com/basic-auth/-/basic-auth-2.0.1.tgz#b998279bf47ce38344b4f3cf916d4679bbf51e3a"
  integrity sha512-NF+epuEdnUYVlGuhaxbbq+dvJttwLnGY+YixlXlME5KpQ5W3CnXA5cVTneY3SPbPDRkcjMbifrwmFYcClgOZeg==
  dependencies:
    safe-buffer "5.1.2"

browser-tabs-lock@^1.2.15:
  version "1.2.15"
  resolved "https://registry.yarnpkg.com/browser-tabs-lock/-/browser-tabs-lock-1.2.15.tgz#d5012e652e2a0cb4eba471b0a2300c2fa5d92788"
  integrity sha512-J8K9vdivK0Di+b8SBdE7EZxDr88TnATing7XoLw6+nFkXMQ6sVBh92K3NQvZlZU91AIkFRi0w3sztk5Z+vsswA==
  dependencies:
    lodash ">=4.17.21"

bson@^4.6.0:
  version "4.6.0"
  resolved "https://registry.yarnpkg.com/bson/-/bson-4.6.0.tgz#15c3b39ba3940c3d915a0c44d51459f4b4fbf1b2"
  integrity sha512-8jw1NU1hglS+Da1jDOUYuNcBJ4cNHCFIqzlwoFNnsTOg2R/ox0aTYcTiBN4dzRa9q7Cvy6XErh3L8ReTEb9AQQ==
  dependencies:
    buffer "^5.6.0"

buffer@^5.6.0:
  version "5.7.1"
  resolved "https://registry.yarnpkg.com/buffer/-/buffer-5.7.1.tgz#ba62e7c13133053582197160851a8f648e99eed0"
  integrity sha512-EHcyIPBQ4BSGlvjB16k5KgAJ27CIsHY/2JBmCRReo48y9rQ3MaUzWX3KVlBa4U7MyX02HdVj0K7C3WaB3ju7FQ==
  dependencies:
    base64-js "^1.3.1"
    ieee754 "^1.1.13"

core-js@^3.19.0:
  version "3.20.0"
  resolved "https://registry.yarnpkg.com/core-js/-/core-js-3.20.0.tgz#1c5ac07986b8d15473ab192e45a2e115a4a95b79"
  integrity sha512-KjbKU7UEfg4YPpskMtMXPhUKn7m/1OdTHTVjy09ScR2LVaoUXe8Jh0UdvN2EKUR6iKTJph52SJP95mAB0MnVLQ==

debug@2.6.9:
  version "2.6.9"
  resolved "https://registry.yarnpkg.com/debug/-/debug-2.6.9.tgz#5d128515df134ff327e90a4c93f4e077a536341f"
  integrity sha512-bC7ElrdJaJnPbAP+1EotYvqZsb3ecl5wi6Bfi6BJTUcNowp6cvspg0jXznRTKDjm/E7AdgFBVeAPVMNcKGsHMA==
  dependencies:
    ms "2.0.0"

denque@^2.0.1:
  version "2.0.1"
  resolved "https://registry.yarnpkg.com/denque/-/denque-2.0.1.tgz#bcef4c1b80dc32efe97515744f21a4229ab8934a"
  integrity sha512-tfiWc6BQLXNLpNiR5iGd0Ocu3P3VpxfzFiqubLgMfhfOw9WyvgJBd46CClNn9k3qfbjvT//0cf7AlYRX/OslMQ==

depd@~2.0.0:
  version "2.0.0"
  resolved "https://registry.yarnpkg.com/depd/-/depd-2.0.0.tgz#b696163cc757560d09cf22cc8fad1571b79e76df"
  integrity sha512-g7nH6P6dyDioJogAAGprGpCtVImJhpPk/roCzdb3fIh61/s/nPsfR6onyMwkCAR/OlC3yBC0lESvUoQEAssIrw==

dotenv@^10.0.0:
  version "10.0.0"
  resolved "https://registry.yarnpkg.com/dotenv/-/dotenv-10.0.0.tgz#3d4227b8fb95f81096cdd2b66653fb2c7085ba81"
  integrity sha512-rlBi9d8jpv9Sf1klPjNfFAuWDjKLwTIJJ/VxtoTwIR6hnZxcEOQCZg2oIL3MWBYw5GpUDKOEnND7LXTbIpQ03Q==

ee-first@1.1.1:
  version "1.1.1"
  resolved "https://registry.yarnpkg.com/ee-first/-/ee-first-1.1.1.tgz#590c61156b0ae2f4f0255732a158b266bc56b21d"
  integrity sha1-WQxhFWsK4vTwJVcyoViyZrxWsh0=

es-cookie@^1.3.2:
  version "1.3.2"
  resolved "https://registry.yarnpkg.com/es-cookie/-/es-cookie-1.3.2.tgz#80e831597f72a25721701bdcb21d990319acd831"
  integrity sha512-UTlYYhXGLOy05P/vKVT2Ui7WtC7NiRzGtJyAKKn32g5Gvcjn7KAClLPWlipCtxIus934dFg9o9jXiBL0nP+t9Q==

fast-text-encoding@^1.0.3:
  version "1.0.3"
  resolved "https://registry.yarnpkg.com/fast-text-encoding/-/fast-text-encoding-1.0.3.tgz#ec02ac8e01ab8a319af182dae2681213cfe9ce53"
  integrity sha512-dtm4QZH9nZtcDt8qJiOH9fcQd1NAgi+K1O2DbE6GG1PPCK/BWfOH3idCTRQ4ImXRUOyopDEgDEnVEE7Y/2Wrig==

file-match@^1.0.1:
  version "1.0.2"
  resolved "https://registry.yarnpkg.com/file-match/-/file-match-1.0.2.tgz#c9cad265d2c8adf3a81475b0df475859069faef7"
  integrity sha1-ycrSZdLIrfOoFHWw30dYWQafrvc=
  dependencies:
    utils-extend "^1.0.6"

file-system@^2.2.2:
  version "2.2.2"
  resolved "https://registry.yarnpkg.com/file-system/-/file-system-2.2.2.tgz#7d65833e3a2347dcd956a813c677153ed3edd987"
  integrity sha1-fWWDPjojR9zZVqgTxncVPtPt2Yc=
  dependencies:
    file-match "^1.0.1"
    utils-extend "^1.0.4"

ieee754@^1.1.13:
  version "1.2.1"
  resolved "https://registry.yarnpkg.com/ieee754/-/ieee754-1.2.1.tgz#8eb7a10a63fff25d15a57b001586d177d1b0d352"
  integrity sha512-dcyqhDvX1C46lXZcVqCpK+FtMRQVdIMN6/Df5js2zouUsqG7I6sFxitIC+7KYK29KdXOLHdu9zL4sFnoVQnqaA==

lodash@>=4.17.21:
  version "4.17.21"
  resolved "https://registry.yarnpkg.com/lodash/-/lodash-4.17.21.tgz#679591c564c3bffaae8454cf0b3df370c3d6911c"
  integrity sha512-v2kDEe57lecTulaDIuNTPy3Ry4gLGJ6Z1O3vE1krgXZNrsQ+LFTGHVxVjcXPs17LhbZVGedAJv8XZ1tvj5FvSg==

memory-pager@^1.0.2:
  version "1.5.0"
  resolved "https://registry.yarnpkg.com/memory-pager/-/memory-pager-1.5.0.tgz#d8751655d22d384682741c972f2c3d6dfa3e66b5"
  integrity sha512-ZS4Bp4r/Zoeq6+NLJpP+0Zzm0pR8whtGPf1XExKLJBAczGMnSi3It14OiNCStjQjM6NU1okjQGSxgEZN8eBYKg==

mongodb-connection-string-url@^2.3.2:
  version "2.3.2"
  resolved "https://registry.yarnpkg.com/mongodb-connection-string-url/-/mongodb-connection-string-url-2.3.2.tgz#8499f99d9f317e9fa76c16c449451dbaabe477d7"
  integrity sha512-2LkmS0ny7LamAyhEs2Q+zuFFxeGNSc2DaGHBevjqkoPt7bgh+67mg1sFU6awnMsdLKpdEt7zUy466K9x7RsYcQ==
  dependencies:
    "@types/whatwg-url" "^8.2.1"
    whatwg-url "^11.0.0"

mongodb@^4.2.2:
  version "4.2.2"
  resolved "https://registry.yarnpkg.com/mongodb/-/mongodb-4.2.2.tgz#cd70568bd96003877e35358ad17a0c5de35c6dfd"
  integrity sha512-zt8rCTnTKyMQppyt63qMnrLM5dbADgUk18ORPF1XbtHLIYCyc9hattaYHi0pqMvNxDpgGgUofSVzS+UQErgTug==
  dependencies:
    bson "^4.6.0"
    denque "^2.0.1"
    mongodb-connection-string-url "^2.3.2"
  optionalDependencies:
    saslprep "^1.0.3"

morgan@^1.10.0:
  version "1.10.0"
  resolved "https://registry.yarnpkg.com/morgan/-/morgan-1.10.0.tgz#091778abc1fc47cd3509824653dae1faab6b17d7"
  integrity sha512-AbegBVI4sh6El+1gNwvD5YIck7nSA36weD7xvIxG4in80j/UoK8AEGaWnnz8v1GxonMCltmlNs5ZKbGvl9b1XQ==
  dependencies:
    basic-auth "~2.0.1"
    debug "2.6.9"
    depd "~2.0.0"
    on-finished "~2.3.0"
    on-headers "~1.0.2"

ms@2.0.0:
  version "2.0.0"
  resolved "https://registry.yarnpkg.com/ms/-/ms-2.0.0.tgz#5608aeadfc00be6c2901df5f9861788de0d597c8"
  integrity sha1-VgiurfwAvmwpAd9fmGF4jeDVl8g=

on-finished@~2.3.0:
  version "2.3.0"
  resolved "https://registry.yarnpkg.com/on-finished/-/on-finished-2.3.0.tgz#20f1336481b083cd75337992a16971aa2d906947"
  integrity sha1-IPEzZIGwg811M3mSoWlxqi2QaUc=
  dependencies:
    ee-first "1.1.1"

on-headers@~1.0.2:
  version "1.0.2"
  resolved "https://registry.yarnpkg.com/on-headers/-/on-headers-1.0.2.tgz#772b0ae6aaa525c399e489adfad90c403eb3c28f"
  integrity sha512-pZAE+FJLoyITytdqK0U5s+FIpjN0JP3OzFi/u8Rx+EV5/W+JTWGXG8xFzevE7AjBfDqHv/8vL8qQsIhHnqRkrA==

promise-polyfill@^8.2.1:
  version "8.2.1"
  resolved "https://registry.yarnpkg.com/promise-polyfill/-/promise-polyfill-8.2.1.tgz#1fa955b325bee4f6b8a4311e18148d4e5b46d254"
  integrity sha512-3p9zj0cEHbp7NVUxEYUWjQlffXqnXaZIMPkAO7HhFh8u5636xLRDHOUo2vpWSK0T2mqm6fKLXYn1KP6PAZ2gKg==

punycode@^2.1.1:
  version "2.1.1"
  resolved "https://registry.yarnpkg.com/punycode/-/punycode-2.1.1.tgz#b58b010ac40c22c5657616c8d2c2c02c7bf479ec"
  integrity sha512-XRsRjdf+j5ml+y/6GKHPZbrF/8p2Yga0JPtdqTIY2Xe5ohJPD9saDJJLPvp9+NSBprVvevdXZybnj2cv8OEd0A==

safe-buffer@5.1.2:
  version "5.1.2"
  resolved "https://registry.yarnpkg.com/safe-buffer/-/safe-buffer-5.1.2.tgz#991ec69d296e0313747d59bdfd2b745c35f8828d"
  integrity sha512-Gd2UZBJDkXlY7GbJxfsE8/nvKkUEU1G38c1siN6QP6a9PT9MmHB8GnpscSmMJSoF8LOIrt8ud/wPtojys4G6+g==

saslprep@^1.0.3:
  version "1.0.3"
  resolved "https://registry.yarnpkg.com/saslprep/-/saslprep-1.0.3.tgz#4c02f946b56cf54297e347ba1093e7acac4cf226"
  integrity sha512-/MY/PEMbk2SuY5sScONwhUDsV2p77Znkb/q3nSVstq/yQzYJOH/Azh29p9oJLsl3LnQwSvZDKagDGBsBwSooag==
  dependencies:
    sparse-bitfield "^3.0.3"

sparse-bitfield@^3.0.3:
  version "3.0.3"
  resolved "https://registry.yarnpkg.com/sparse-bitfield/-/sparse-bitfield-3.0.3.tgz#ff4ae6e68656056ba4b3e792ab3334d38273ca11"
  integrity sha1-/0rm5oZWBWuks+eSqzM004JzyhE=
  dependencies:
    memory-pager "^1.0.2"

tr46@^3.0.0:
  version "3.0.0"
  resolved "https://registry.yarnpkg.com/tr46/-/tr46-3.0.0.tgz#555c4e297a950617e8eeddef633c87d4d9d6cbf9"
  integrity sha512-l7FvfAHlcmulp8kr+flpQZmVwtu7nfRV7NZujtN0OqES8EL4O4e0qqzL0DC5gAvx/ZC/9lk6rhcUwYvkBnBnYA==
  dependencies:
    punycode "^2.1.1"

unfetch@^4.2.0:
  version "4.2.0"
  resolved "https://registry.yarnpkg.com/unfetch/-/unfetch-4.2.0.tgz#7e21b0ef7d363d8d9af0fb929a5555f6ef97a3be"
  integrity sha512-F9p7yYCn6cIW9El1zi0HI6vqpeIvBsr3dSuRO6Xuppb1u5rXpCPmMvLSyECLhybr9isec8Ohl0hPekMVrEinDA==

utils-extend@^1.0.4, utils-extend@^1.0.6:
  version "1.0.8"
  resolved "https://registry.yarnpkg.com/utils-extend/-/utils-extend-1.0.8.tgz#ccfd7b64540f8e90ee21eec57769d0651cab8a5f"
  integrity sha1-zP17ZFQPjpDuIe7Fd2nQZRyril8=

webidl-conversions@^7.0.0:
  version "7.0.0"
  resolved "https://registry.yarnpkg.com/webidl-conversions/-/webidl-conversions-7.0.0.tgz#256b4e1882be7debbf01d05f0aa2039778ea080a"
  integrity sha512-VwddBukDzu71offAQR975unBIGqfKZpM+8ZX6ySk8nYhVoo5CYaZyzt3YBvYtRtO+aoGlqxPg/B87NGVZ/fu6g==

whatwg-url@^11.0.0:
  version "11.0.0"
  resolved "https://registry.yarnpkg.com/whatwg-url/-/whatwg-url-11.0.0.tgz#0a849eebb5faf2119b901bb76fd795c2848d4018"
  integrity sha512-RKT8HExMpoYx4igMiVMY83lN6UeITKJlBQ+vR/8ZJ8OCdSiN3RwCq+9gH0+Xzj0+5IrM6i4j/6LuvzbZIQgEcQ==
  dependencies:
    tr46 "^3.0.0"
    webidl-conversions "^7.0.0"
